
Microsoft Visual Studio Solution File, Format Version 12.00
# Visual Studio Version 16
VisualStudioVersion = 16.0.32602.291
MinimumVisualStudioVersion = 10.0.40219.1
Project("{9A19103F-16F7-4668-BE54-9A1E7A4F7556}") = "GenrePro", "GenrePro.csproj", "{FDE4E286-368E-42E0-97F5-090EA1A32089}"
EndProject
Global
	GlobalSection(SolutionConfigurationPlatforms) = preSolution
		Debug|Any CPU = Debug|Any CPU
		Release|Any CPU = Release|Any CPU
	EndGlobalSection
	GlobalSection(ProjectConfigurationPlatforms) = postSolution
		{FDE4E286-368E-42E0-97F5-090EA1A32089}.Debug|Any CPU.ActiveCfg = Debug|Any CPU
		{FDE4E286-368E-42E0-97F5-090EA1A32089}.Debug|Any CPU.Build.0 = Debug|Any CPU
		{FDE4E286-368E-42E0-97F5-090EA1A32089}.Release|Any CPU.ActiveCfg = Release|Any CPU
		{FDE4E286-368E-42E0-97F5-090EA1A32089}.Release|Any CPU.Build.0 = Release|Any CPU
	EndGlobalSection
	GlobalSection(SolutionProperties) = preSolution
		HideSolutionNode = FALSE
	EndGlobalSection
	GlobalSection(ExtensibilityGlobals) = postSolution
		SolutionGuid = {82B23D92-22B9-4D33-8E08-BF03F0108422}
	EndGlobalSection
EndGlobal
